
Microsoft Visual Studio Solution File, Format Version 12.00
# Visual Studio Version 17
VisualStudioVersion = 17.4.33110.190
MinimumVisualStudioVersion = 10.0.40219.1
Project("{FAE04EC0-301F-11D3-BF4B-00C04F79EFBC}") = "OfWorcs", "OfWorcs\OfWorcs.csproj", "{14FD29D8-D6D4-485A-8D06-B00E82A4C49F}"
EndProject
Global
	GlobalSection(SolutionConfigurationPlatforms) = preSolution
		Debug|Any CPU = Debug|Any CPU
		Release|Any CPU = Release|Any CPU
	EndGlobalSection
	GlobalSection(ProjectConfigurationPlatforms) = postSolution
		{14FD29D8-D6D4-485A-8D06-B00E82A4C49F}.Debug|Any CPU.ActiveCfg = Debug|Any CPU
		{14FD29D8-D6D4-485A-8D06-B00E82A4C49F}.Debug|Any CPU.Build.0 = Debug|Any CPU
		{14FD29D8-D6D4-485A-8D06-B00E82A4C49F}.Release|Any CPU.ActiveCfg = Release|Any CPU
		{14FD29D8-D6D4-485A-8D06-B00E82A4C49F}.Release|Any CPU.Build.0 = Release|Any CPU
	EndGlobalSection
	GlobalSection(SolutionProperties) = preSolution
		HideSolutionNode = FALSE
	EndGlobalSection
	GlobalSection(ExtensibilityGlobals) = postSolution
		SolutionGuid = {0CCB4417-809C-4F2C-B8F5-991FC22CC1D6}
	EndGlobalSection
EndGlobal
